
Microsoft Visual Studio Solution File, Format Version 12.00
# Visual Studio Version 17
VisualStudioVersion = 17.7.34003.232
MinimumVisualStudioVersion = 10.0.40219.1
Project("{FAE04EC0-301F-11D3-BF4B-00C04F79EFBC}") = "Presentacion", "Presentacion\Presentacion.csproj", "{00022EED-34D1-4C4D-B5BE-1575B48EB928}"
EndProject
Project("{FAE04EC0-301F-11D3-BF4B-00C04F79EFBC}") = "Logica", "Logica\Logica.csproj", "{E67DFA73-8E60-469C-BD64-95EED5149A67}"
EndProject
Project("{FAE04EC0-301F-11D3-BF4B-00C04F79EFBC}") = "Datos", "Datos\Datos.csproj", "{C3D05AD8-D370-484A-A65B-B81787633366}"
EndProject
Project("{FAE04EC0-301F-11D3-BF4B-00C04F79EFBC}") = "Entidad", "Entidad\Entidad.csproj", "{4D30C60E-0C9F-463D-AB2B-6EB1025098FF}"
EndProject
Global
	GlobalSection(SolutionConfigurationPlatforms) = preSolution
		Debug|Any CPU = Debug|Any CPU
		Release|Any CPU = Release|Any CPU
	EndGlobalSection
	GlobalSection(ProjectConfigurationPlatforms) = postSolution
		{00022EED-34D1-4C4D-B5BE-1575B48EB928}.Debug|Any CPU.ActiveCfg = Debug|Any CPU
		{00022EED-34D1-4C4D-B5BE-1575B48EB928}.Debug|Any CPU.Build.0 = Debug|Any CPU
		{00022EED-34D1-4C4D-B5BE-1575B48EB928}.Release|Any CPU.ActiveCfg = Release|Any CPU
		{00022EED-34D1-4C4D-B5BE-1575B48EB928}.Release|Any CPU.Build.0 = Release|Any CPU
		{E67DFA73-8E60-469C-BD64-95EED5149A67}.Debug|Any CPU.ActiveCfg = Debug|Any CPU
		{E67DFA73-8E60-469C-BD64-95EED5149A67}.Debug|Any CPU.Build.0 = Debug|Any CPU
		{E67DFA73-8E60-469C-BD64-95EED5149A67}.Release|Any CPU.ActiveCfg = Release|Any CPU
		{E67DFA73-8E60-469C-BD64-95EED5149A67}.Release|Any CPU.Build.0 = Release|Any CPU
		{C3D05AD8-D370-484A-A65B-B81787633366}.Debug|Any CPU.ActiveCfg = Debug|Any CPU
		{C3D05AD8-D370-484A-A65B-B81787633366}.Debug|Any CPU.Build.0 = Debug|Any CPU
		{C3D05AD8-D370-484A-A65B-B81787633366}.Release|Any CPU.ActiveCfg = Release|Any CPU
		{C3D05AD8-D370-484A-A65B-B81787633366}.Release|Any CPU.Build.0 = Release|Any CPU
		{4D30C60E-0C9F-463D-AB2B-6EB1025098FF}.Debug|Any CPU.ActiveCfg = Debug|Any CPU
		{4D30C60E-0C9F-463D-AB2B-6EB1025098FF}.Debug|Any CPU.Build.0 = Debug|Any CPU
		{4D30C60E-0C9F-463D-AB2B-6EB1025098FF}.Release|Any CPU.ActiveCfg = Release|Any CPU
		{4D30C60E-0C9F-463D-AB2B-6EB1025098FF}.Release|Any CPU.Build.0 = Release|Any CPU
	EndGlobalSection
	GlobalSection(SolutionProperties) = preSolution
		HideSolutionNode = FALSE
	EndGlobalSection
	GlobalSection(ExtensibilityGlobals) = postSolution
		SolutionGuid = {85425035-DB51-4193-AD37-B9AC5C047826}
	EndGlobalSection
EndGlobal
